# THIS IS AN AUTOGENERATED FILE. DO NOT EDIT THIS FILE DIRECTLY.
# yarn lockfile v1


conventional-commit-types@^2.0.0:
  version "2.2.0"
  resolved "https://registry.yarnpkg.com/conventional-commit-types/-/conventional-commit-types-2.2.0.tgz#5db95739d6c212acbe7b6f656a11b940baa68946"
  integrity sha1-XblXOdbCEqy+e29lahG5QLqmiUY=

cz-conventional-changelog@^2.1.0:
  version "2.1.0"
  resolved "https://registry.yarnpkg.com/cz-conventional-changelog/-/cz-conventional-changelog-2.1.0.tgz#2f4bc7390e3244e4df293e6ba351e4c740a7c764"
  integrity sha1-L0vHOQ4yROTfKT5ro1Hkx0Cnx2Q=
  dependencies:
    conventional-commit-types "^2.0.0"
    lodash.map "^4.5.1"
    longest "^1.0.1"
    right-pad "^1.0.1"
    word-wrap "^1.0.3"

lodash.map@^4.5.1:
  version "4.6.0"
  resolved "https://registry.yarnpkg.com/lodash.map/-/lodash.map-4.6.0.tgz#771ec7839e3473d9c4cde28b19394c3562f4f6d3"
  integrity sha1-dx7Hg540c9nEzeKLGTlMNWL09tM=

longest@^1.0.1:
  version "1.0.1"
  resolved "https://registry.yarnpkg.com/longest/-/longest-1.0.1.tgz#30a0b2da38f73770e8294a0d22e6625ed77d0097"
  integrity sha1-MKCy2jj3N3DoKUoNIuZiXtd9AJc=

right-pad@^1.0.1:
  version "1.0.1"
  resolved "https://registry.yarnpkg.com/right-pad/-/right-pad-1.0.1.tgz#8ca08c2cbb5b55e74dafa96bf7fd1a27d568c8d0"
  integrity sha1-jKCMLLtbVedNr6lr9/0aJ9VoyNA=

word-wrap@^1.0.3:
  version "1.2.3"
  resolved "https://registry.yarnpkg.com/word-wrap/-/word-wrap-1.2.3.tgz#610636f6b1f703891bd34771ccb17fb93b47079c"
  integrity sha512-Hz/mrNwitNRh/HUAtM/VT/5VH+ygD6DV7mYKZAtHOrbs8U7lvPS6xf7EJKMF0uW1KJCl0H701g3ZGus+muE5vQ==
